
Microsoft Visual Studio Solution File, Format Version 12.00
# Visual Studio Version 17
VisualStudioVersion = 17.5.002.0
MinimumVisualStudioVersion = 10.0.40219.1
Project("{9A19103F-16F7-4668-BE54-9A1E7A4F7556}") = "EF-Core_Project_Ecommerce.Tests", "EF-Core_Project_Ecommerce.Tests.csproj", "{8B8E7723-1277-4646-9FAB-8B0E2581CCE1}"
EndProject
Global
	GlobalSection(SolutionConfigurationPlatforms) = preSolution
		Debug|Any CPU = Debug|Any CPU
		Release|Any CPU = Release|Any CPU
	EndGlobalSection
	GlobalSection(ProjectConfigurationPlatforms) = postSolution
		{8B8E7723-1277-4646-9FAB-8B0E2581CCE1}.Debug|Any CPU.ActiveCfg = Debug|Any CPU
		{8B8E7723-1277-4646-9FAB-8B0E2581CCE1}.Debug|Any CPU.Build.0 = Debug|Any CPU
		{8B8E7723-1277-4646-9FAB-8B0E2581CCE1}.Release|Any CPU.ActiveCfg = Release|Any CPU
		{8B8E7723-1277-4646-9FAB-8B0E2581CCE1}.Release|Any CPU.Build.0 = Release|Any CPU
	EndGlobalSection
	GlobalSection(SolutionProperties) = preSolution
		HideSolutionNode = FALSE
	EndGlobalSection
	GlobalSection(ExtensibilityGlobals) = postSolution
		SolutionGuid = {7AF1C7D8-611D-4399-B974-2CEB26579E67}
	EndGlobalSection
EndGlobal
